// !$*UTF8*$!
{
	archiveVersion = 1;
	classes = {
	};
	objectVersion = 55;
	objects = {

/* Begin PBXBuildFile section */
		F34BD80F281B02D8003F3B42 /* TimeUtils.swift in Sources */ = {isa = PBXBuildFile; fileRef = F34BD80E281B02D8003F3B42 /* TimeUtils.swift */; };
		F34BD811281B09FD003F3B42 /* ViewUtils.swift in Sources */ = {isa = PBXBuildFile; fileRef = F34BD810281B09FD003F3B42 /* ViewUtils.swift */; };
		F34BD8132822D373003F3B42 /* Enum.swift in Sources */ = {isa = PBXBuildFile; fileRef = F34BD8122822D373003F3B42 /* Enum.swift */; };
		F34CBFBF2819AF1B00DE623C /* Message_ui_model.swift in Sources */ = {isa = PBXBuildFile; fileRef = F34CBFBE2819AF1B00DE623C /* Message_ui_model.swift */; };
		F34CBFC12819B04500DE623C /* Author.swift in Sources */ = {isa = PBXBuildFile; fileRef = F34CBFC02819B04500DE623C /* Author.swift */; };
		F34CBFC42819B45A00DE623C /* Message_viewmodel.swift in Sources */ = {isa = PBXBuildFile; fileRef = F34CBFC32819B45A00DE623C /* Message_viewmodel.swift */; };
		F34CBFC72819B5E200DE623C /* network_client.swift in Sources */ = {isa = PBXBuildFile; fileRef = F34CBFC62819B5E200DE623C /* network_client.swift */; };
		F34CBFCA2819BAE000DE623C /* APError.swift in Sources */ = {isa = PBXBuildFile; fileRef = F34CBFC92819BAE000DE623C /* APError.swift */; };
		F34CBFCC2819BAFF00DE623C /* AlertItem.swift in Sources */ = {isa = PBXBuildFile; fileRef = F34CBFCB2819BAFF00DE623C /* AlertItem.swift */; };
		F34CBFCF2819C5D600DE623C /* LoadingView.swift in Sources */ = {isa = PBXBuildFile; fileRef = F34CBFCE2819C5D600DE623C /* LoadingView.swift */; };
		F34CBFD12819C61D00DE623C /* RemoteImage.swift in Sources */ = {isa = PBXBuildFile; fileRef = F34CBFD02819C61D00DE623C /* RemoteImage.swift */; };
		F3CF6F722805EC0D007687C0 /* AnyChatApp.swift in Sources */ = {isa = PBXBuildFile; fileRef = F3CF6F712805EC0D007687C0 /* AnyChatApp.swift */; };
		F3CF6F742805EC0D007687C0 /* ContentView.swift in Sources */ = {isa = PBXBuildFile; fileRef = F3CF6F732805EC0D007687C0 /* ContentView.swift */; };
		F3CF6F762805EC0E007687C0 /* Assets.xcassets in Resources */ = {isa = PBXBuildFile; fileRef = F3CF6F752805EC0E007687C0 /* Assets.xcassets */; };
		F3CF6F792805EC0E007687C0 /* Preview Assets.xcassets in Resources */ = {isa = PBXBuildFile; fileRef = F3CF6F782805EC0E007687C0 /* Preview Assets.xcassets */; };
		F3CF6F832805EC0E007687C0 /* AnyChatTests.swift in Sources */ = {isa = PBXBuildFile; fileRef = F3CF6F822805EC0E007687C0 /* AnyChatTests.swift */; };
		F3CF6F8D2805EC0E007687C0 /* AnyChatUITests.swift in Sources */ = {isa = PBXBuildFile; fileRef = F3CF6F8C2805EC0E007687C0 /* AnyChatUITests.swift */; };
/* End PBXBuildFile section */

/* Begin PBXContainerItemProxy section */
		F3CF6F7F2805EC0E007687C0 /* PBXContainerItemProxy */ = {
			isa = PBXContainerItemProxy;
			containerPortal = F3CF6F662805EC0D007687C0 /* Project object */;
			proxyType = 1;
			remoteGlobalIDString = F3CF6F6D2805EC0D007687C0;
			remoteInfo = AnyChat;
		};
		F3CF6F892805EC0E007687C0 /* PBXContainerItemProxy */ = {
			isa = PBXContainerItemProxy;
			containerPortal = F3CF6F662805EC0D007687C0 /* Project object */;
			proxyType = 1;
			remoteGlobalIDString = F3CF6F6D2805EC0D007687C0;
			remoteInfo = AnyChat;
		};
/* End PBXContainerItemProxy section */

/* Begin PBXFileReference section */
		F34BD80E281B02D8003F3B42 /* TimeUtils.swift */ = {isa = PBXFileReference; lastKnownFileType = sourcecode.swift; path = TimeUtils.swift; sourceTree = "<group>"; };
		F34BD810281B09FD003F3B42 /* ViewUtils.swift */ = {isa = PBXFileReference; lastKnownFileType = sourcecode.swift; path = ViewUtils.swift; sourceTree = "<group>"; };
		F34BD8122822D373003F3B42 /* Enum.swift */ = {isa = PBXFileReference; lastKnownFileType = sourcecode.swift; path = Enum.swift; sourceTree = "<group>"; };
		F34CBFBE2819AF1B00DE623C /* Message_ui_model.swift */ = {isa = PBXFileReference; lastKnownFileType = sourcecode.swift; path = Message_ui_model.swift; sourceTree = "<group>"; };
		F34CBFC02819B04500DE623C /* Author.swift */ = {isa = PBXFileReference; lastKnownFileType = sourcecode.swift; path = Author.swift; sourceTree = "<group>"; };
		F34CBFC32819B45A00DE623C /* Message_viewmodel.swift */ = {isa = PBXFileReference; lastKnownFileType = sourcecode.swift; path = Message_viewmodel.swift; sourceTree = "<group>"; };
		F34CBFC62819B5E200DE623C /* network_client.swift */ = {isa = PBXFileReference; lastKnownFileType = sourcecode.swift; path = network_client.swift; sourceTree = "<group>"; };
		F34CBFC92819BAE000DE623C /* APError.swift */ = {isa = PBXFileReference; lastKnownFileType = sourcecode.swift; path = APError.swift; sourceTree = "<group>"; };
		F34CBFCB2819BAFF00DE623C /* AlertItem.swift */ = {isa = PBXFileReference; lastKnownFileType = sourcecode.swift; path = AlertItem.swift; sourceTree = "<group>"; };
		F34CBFCE2819C5D600DE623C /* LoadingView.swift */ = {isa = PBXFileReference; lastKnownFileType = sourcecode.swift; path = LoadingView.swift; sourceTree = "<group>"; };
		F34CBFD02819C61D00DE623C /* RemoteImage.swift */ = {isa = PBXFileReference; lastKnownFileType = sourcecode.swift; path = RemoteImage.swift; sourceTree = "<group>"; };
		F3CF6F6E2805EC0D007687C0 /* AnyChat.app */ = {isa = PBXFileReference; explicitFileType = wrapper.application; includeInIndex = 0; path = AnyChat.app; sourceTree = BUILT_PRODUCTS_DIR; };
		F3CF6F712805EC0D007687C0 /* AnyChatApp.swift */ = {isa = PBXFileReference; lastKnownFileType = sourcecode.swift; path = AnyChatApp.swift; sourceTree = "<group>"; };
		F3CF6F732805EC0D007687C0 /* ContentView.swift */ = {isa = PBXFileReference; lastKnownFileType = sourcecode.swift; path = ContentView.swift; sourceTree = "<group>"; };
		F3CF6F752805EC0E007687C0 /* Assets.xcassets */ = {isa = PBXFileReference; lastKnownFileType = folder.assetcatalog; path = Assets.xcassets; sourceTree = "<group>"; };
		F3CF6F782805EC0E007687C0 /* Preview Assets.xcassets */ = {isa = PBXFileReference; lastKnownFileType = folder.assetcatalog; path = "Preview Assets.xcassets"; sourceTree = "<group>"; };
		F3CF6F7E2805EC0E007687C0 /* AnyChatTests.xctest */ = {isa = PBXFileReference; explicitFileType = wrapper.cfbundle; includeInIndex = 0; path = AnyChatTests.xctest; sourceTree = BUILT_PRODUCTS_DIR; };
		F3CF6F822805EC0E007687C0 /* AnyChatTests.swift */ = {isa = PBXFileReference; lastKnownFileType = sourcecode.swift; path = AnyChatTests.swift; sourceTree = "<group>"; };
		F3CF6F882805EC0E007687C0 /* AnyChatUITests.xctest */ = {isa = PBXFileReference; explicitFileType = wrapper.cfbundle; includeInIndex = 0; path = AnyChatUITests.xctest; sourceTree = BUILT_PRODUCTS_DIR; };
		F3CF6F8C2805EC0E007687C0 /* AnyChatUITests.swift */ = {isa = PBXFileReference; lastKnownFileType = sourcecode.swift; path = AnyChatUITests.swift; sourceTree = "<group>"; };
/* End PBXFileReference section */

/* Begin PBXFrameworksBuildPhase section */
		F3CF6F6B2805EC0D007687C0 /* Frameworks */ = {
			isa = PBXFrameworksBuildPhase;
			buildActionMask = 2147483647;
			files = (
			);
			runOnlyForDeploymentPostprocessing = 0;
		};
		F3CF6F7B2805EC0E007687C0 /* Frameworks */ = {
			isa = PBXFrameworksBuildPhase;
			buildActionMask = 2147483647;
			files = (
			);
			runOnlyForDeploymentPostprocessing = 0;
		};
		F3CF6F852805EC0E007687C0 /* Frameworks */ = {
			isa = PBXFrameworksBuildPhase;
			buildActionMask = 2147483647;
			files = (
			);
			runOnlyForDeploymentPostprocessing = 0;
		};
/* End PBXFrameworksBuildPhase section */

/* Begin PBXGroup section */
		F34CBFBD2819AEF800DE623C /* ui_model */ = {
			isa = PBXGroup;
			children = (
				F34CBFBE2819AF1B00DE623C /* Message_ui_model.swift */,
				F34CBFC02819B04500DE623C /* Author.swift */,
			);
			path = ui_model;
			sourceTree = "<group>";
		};
		F34CBFC22819B44800DE623C /* viewmodel */ = {
			isa = PBXGroup;
			children = (
				F34CBFC32819B45A00DE623C /* Message_viewmodel.swift */,
			);
			path = viewmodel;
			sourceTree = "<group>";
		};
		F34CBFC52819B5CC00DE623C /* api */ = {
			isa = PBXGroup;
			children = (
				F34CBFC62819B5E200DE623C /* network_client.swift */,
			);
			path = api;
			sourceTree = "<group>";
		};
		F34CBFC82819BAC800DE623C /* Utilities */ = {
			isa = PBXGroup;
			children = (
				F34CBFC92819BAE000DE623C /* APError.swift */,
				F34CBFCB2819BAFF00DE623C /* AlertItem.swift */,
				F34BD80E281B02D8003F3B42 /* TimeUtils.swift */,
				F34BD810281B09FD003F3B42 /* ViewUtils.swift */,
				F34BD8122822D373003F3B42 /* Enum.swift */,
			);
			path = Utilities;
			sourceTree = "<group>";
		};
		F34CBFCD2819C5A300DE623C /* Views */ = {
			isa = PBXGroup;
			children = (
				F3CF6F712805EC0D007687C0 /* AnyChatApp.swift */,
				F3CF6F732805EC0D007687C0 /* ContentView.swift */,
				F34CBFCE2819C5D600DE623C /* LoadingView.swift */,
				F34CBFD02819C61D00DE623C /* RemoteImage.swift */,
			);
			path = Views;
			sourceTree = "<group>";
		};
		F3CF6F652805EC0D007687C0 = {
			isa = PBXGroup;
			children = (
				F3CF6F702805EC0D007687C0 /* AnyChat */,
				F3CF6F812805EC0E007687C0 /* AnyChatTests */,
				F3CF6F8B2805EC0E007687C0 /* AnyChatUITests */,
				F3CF6F6F2805EC0D007687C0 /* Products */,
			);
			sourceTree = "<group>";
		};
		F3CF6F6F2805EC0D007687C0 /* Products */ = {
			isa = PBXGroup;
			children = (
				F3CF6F6E2805EC0D007687C0 /* AnyChat.app */,
				F3CF6F7E2805EC0E007687C0 /* AnyChatTests.xctest */,
				F3CF6F882805EC0E007687C0 /* AnyChatUITests.xctest */,
			);
			name = Products;
			sourceTree = "<group>";
		};
		F3CF6F702805EC0D007687C0 /* AnyChat */ = {
			isa = PBXGroup;
			children = (
				F34CBFCD2819C5A300DE623C /* Views */,
				F34CBFC82819BAC800DE623C /* Utilities */,
				F34CBFC52819B5CC00DE623C /* api */,
				F34CBFC22819B44800DE623C /* viewmodel */,
				F34CBFBD2819AEF800DE623C /* ui_model */,
				F3CF6F752805EC0E007687C0 /* Assets.xcassets */,
				F3CF6F772805EC0E007687C0 /* Preview Content */,
			);
			path = AnyChat;
			sourceTree = "<group>";
		};
		F3CF6F772805EC0E007687C0 /* Preview Content */ = {
			isa = PBXGroup;
			children = (
				F3CF6F782805EC0E007687C0 /* Preview Assets.xcassets */,
			);
			path = "Preview Content";
			sourceTree = "<group>";
		};
		F3CF6F812805EC0E007687C0 /* AnyChatTests */ = {
			isa = PBXGroup;
			children = (
				F3CF6F822805EC0E007687C0 /* AnyChatTests.swift */,
			);
			path = AnyChatTests;
			sourceTree = "<group>";
		};
		F3CF6F8B2805EC0E007687C0 /* AnyChatUITests */ = {
			isa = PBXGroup;
			children = (
				F3CF6F8C2805EC0E007687C0 /* AnyChatUITests.swift */,
			);
			path = AnyChatUITests;
			sourceTree = "<group>";
		};
/* End PBXGroup section */

/* Begin PBXNativeTarget section */
		F3CF6F6D2805EC0D007687C0 /* AnyChat */ = {
			isa = PBXNativeTarget;
			buildConfigurationList = F3CF6F902805EC0E007687C0 /* Build configuration list for PBXNativeTarget "AnyChat" */;
			buildPhases = (
				F3CF6F6A2805EC0D007687C0 /* Sources */,
				F3CF6F6B2805EC0D007687C0 /* Frameworks */,
				F3CF6F6C2805EC0D007687C0 /* Resources */,
			);
			buildRules = (
			);
			dependencies = (
			);
			name = AnyChat;
			productName = AnyChat;
			productReference = F3CF6F6E2805EC0D007687C0 /* AnyChat.app */;
			productType = "com.apple.product-type.application";
		};
		F3CF6F7D2805EC0E007687C0 /* AnyChatTests */ = {
			isa = PBXNativeTarget;
			buildConfigurationList = F3CF6F932805EC0E007687C0 /* Build configuration list for PBXNativeTarget "AnyChatTests" */;
			buildPhases = (
				F3CF6F7A2805EC0E007687C0 /* Sources */,
				F3CF6F7B2805EC0E007687C0 /* Frameworks */,
				F3CF6F7C2805EC0E007687C0 /* Resources */,
			);
			buildRules = (
			);
			dependencies = (
				F3CF6F802805EC0E007687C0 /* PBXTargetDependency */,
			);
			name = AnyChatTests;
			productName = AnyChatTests;
			productReference = F3CF6F7E2805EC0E007687C0 /* AnyChatTests.xctest */;
			productType = "com.apple.product-type.bundle.unit-test";
		};
		F3CF6F872805EC0E007687C0 /* AnyChatUITests */ = {
			isa = PBXNativeTarget;
			buildConfigurationList = F3CF6F962805EC0E007687C0 /* Build configuration list for PBXNativeTarget "AnyChatUITests" */;
			buildPhases = (
				F3CF6F842805EC0E007687C0 /* Sources */,
				F3CF6F852805EC0E007687C0 /* Frameworks */,
				F3CF6F862805EC0E007687C0 /* Resources */,
			);
			buildRules = (
			);
			dependencies = (
				F3CF6F8A2805EC0E007687C0 /* PBXTargetDependency */,
			);
			name = AnyChatUITests;
			productName = AnyChatUITests;
			productReference = F3CF6F882805EC0E007687C0 /* AnyChatUITests.xctest */;
			productType = "com.apple.product-type.bundle.ui-testing";
		};
/* End PBXNativeTarget section */

/* Begin PBXProject section */
		F3CF6F662805EC0D007687C0 /* Project object */ = {
			isa = PBXProject;
			attributes = {
				BuildIndependentTargetsInParallel = 1;
				LastSwiftUpdateCheck = 1300;
				LastUpgradeCheck = 1300;
				TargetAttributes = {
					F3CF6F6D2805EC0D007687C0 = {
						CreatedOnToolsVersion = 13.0;
					};
					F3CF6F7D2805EC0E007687C0 = {
						CreatedOnToolsVersion = 13.0;
						TestTargetID = F3CF6F6D2805EC0D007687C0;
					};
					F3CF6F872805EC0E007687C0 = {
						CreatedOnToolsVersion = 13.0;
						TestTargetID = F3CF6F6D2805EC0D007687C0;
					};
				};
			};
			buildConfigurationList = F3CF6F692805EC0D007687C0 /* Build configuration list for PBXProject "AnyChat" */;
			compatibilityVersion = "Xcode 13.0";
			developmentRegion = en;
			hasScannedForEncodings = 0;
			knownRegions = (
				en,
				Base,
			);
			mainGroup = F3CF6F652805EC0D007687C0;
			productRefGroup = F3CF6F6F2805EC0D007687C0 /* Products */;
			projectDirPath = "";
			projectRoot = "";
			targets = (
				F3CF6F6D2805EC0D007687C0 /* AnyChat */,
				F3CF6F7D2805EC0E007687C0 /* AnyChatTests */,
				F3CF6F872805EC0E007687C0 /* AnyChatUITests */,
			);
		};
/* End PBXProject section */

/* Begin PBXResourcesBuildPhase section */
		F3CF6F6C2805EC0D007687C0 /* Resources */ = {
			isa = PBXResourcesBuildPhase;
			buildActionMask = 2147483647;
			files = (
				F3CF6F792805EC0E007687C0 /* Preview Assets.xcassets in Resources */,
				F3CF6F762805EC0E007687C0 /* Assets.xcassets in Resources */,
			);
			runOnlyForDeploymentPostprocessing = 0;
		};
		F3CF6F7C2805EC0E007687C0 /* Resources */ = {
			isa = PBXResourcesBuildPhase;
			buildActionMask = 2147483647;
			files = (
			);
			runOnlyForDeploymentPostprocessing = 0;
		};
		F3CF6F862805EC0E007687C0 /* Resources */ = {
			isa = PBXResourcesBuildPhase;
			buildActionMask = 2147483647;
			files = (
			);
			runOnlyForDeploymentPostprocessing = 0;
		};
/* End PBXResourcesBuildPhase section */

/* Begin PBXSourcesBuildPhase section */
		F3CF6F6A2805EC0D007687C0 /* Sources */ = {
			isa = PBXSourcesBuildPhase;
			buildActionMask = 2147483647;
			files = (
				F34CBFC42819B45A00DE623C /* Message_viewmodel.swift in Sources */,
				F34CBFCC2819BAFF00DE623C /* AlertItem.swift in Sources */,
				F34BD811281B09FD003F3B42 /* ViewUtils.swift in Sources */,
				F34CBFBF2819AF1B00DE623C /* Message_ui_model.swift in Sources */,
				F34BD80F281B02D8003F3B42 /* TimeUtils.swift in Sources */,
				F34CBFD12819C61D00DE623C /* RemoteImage.swift in Sources */,
				F3CF6F742805EC0D007687C0 /* ContentView.swift in Sources */,
				F34BD8132822D373003F3B42 /* Enum.swift in Sources */,
				F34CBFC12819B04500DE623C /* Author.swift in Sources */,
				F34CBFCA2819BAE000DE623C /* APError.swift in Sources */,
				F3CF6F722805EC0D007687C0 /* AnyChatApp.swift in Sources */,
				F34CBFC72819B5E200DE623C /* network_client.swift in Sources */,
				F34CBFCF2819C5D600DE623C /* LoadingView.swift in Sources */,
			);
			runOnlyForDeploymentPostprocessing = 0;
		};
		F3CF6F7A2805EC0E007687C0 /* Sources */ = {
			isa = PBXSourcesBuildPhase;
			buildActionMask = 2147483647;
			files = (
				F3CF6F832805EC0E007687C0 /* AnyChatTests.swift in Sources */,
			);
			runOnlyForDeploymentPostprocessing = 0;
		};
		F3CF6F842805EC0E007687C0 /* Sources */ = {
			isa = PBXSourcesBuildPhase;
			buildActionMask = 2147483647;
			files = (
				F3CF6F8D2805EC0E007687C0 /* AnyChatUITests.swift in Sources */,
			);
			runOnlyForDeploymentPostprocessing = 0;
		};
/* End PBXSourcesBuildPhase section */

/* Begin PBXTargetDependency section */
		F3CF6F802805EC0E007687C0 /* PBXTargetDependency */ = {
			isa = PBXTargetDependency;
			target = F3CF6F6D2805EC0D007687C0 /* AnyChat */;
			targetProxy = F3CF6F7F2805EC0E007687C0 /* PBXContainerItemProxy */;
		};
		F3CF6F8A2805EC0E007687C0 /* PBXTargetDependency */ = {
			isa = PBXTargetDependency;
			target = F3CF6F6D2805EC0D007687C0 /* AnyChat */;
			targetProxy = F3CF6F892805EC0E007687C0 /* PBXContainerItemProxy */;
		};
/* End PBXTargetDependency section */

/* Begin XCBuildConfiguration section */
		F3CF6F8E2805EC0E007687C0 /* Debug */ = {
			isa = XCBuildConfiguration;
			buildSettings = {
				ALWAYS_SEARCH_USER_PATHS = NO;
				CLANG_ANALYZER_NONNULL = YES;
				CLANG_ANALYZER_NUMBER_OBJECT_CONVERSION = YES_AGGRESSIVE;
				CLANG_CXX_LANGUAGE_STANDARD = "gnu++14";
				CLANG_CXX_LIBRARY = "libc++";
				CLANG_ENABLE_MODULES = YES;
				CLANG_ENABLE_OBJC_ARC = YES;
				CLANG_ENABLE_OBJC_WEAK = YES;
				CLANG_WARN_BLOCK_CAPTURE_AUTORELEASING = YES;
				CLANG_WARN_BOOL_CONVERSION = YES;
				CLANG_WARN_COMMA = YES;
				CLANG_WARN_CONSTANT_CONVERSION = YES;
				CLANG_WARN_DEPRECATED_OBJC_IMPLEMENTATIONS = YES;
				CLANG_WARN_DIRECT_OBJC_ISA_USAGE = YES_ERROR;
				CLANG_WARN_DOCUMENTATION_COMMENTS = YES;
				CLANG_WARN_EMPTY_BODY = YES;
				CLANG_WARN_ENUM_CONVERSION = YES;
				CLANG_WARN_INFINITE_RECURSION = YES;
				CLANG_WARN_INT_CONVERSION = YES;
				CLANG_WARN_NON_LITERAL_NULL_CONVERSION = YES;
				CLANG_WARN_OBJC_IMPLICIT_RETAIN_SELF = YES;
				CLANG_WARN_OBJC_LITERAL_CONVERSION = YES;
				CLANG_WARN_OBJC_ROOT_CLASS = YES_ERROR;
				CLANG_WARN_QUOTED_INCLUDE_IN_FRAMEWORK_HEADER = YES;
				CLANG_WARN_RANGE_LOOP_ANALYSIS = YES;
				CLANG_WARN_STRICT_PROTOTYPES = YES;
				CLANG_WARN_SUSPICIOUS_MOVE = YES;
				CLANG_WARN_UNGUARDED_AVAILABILITY = YES_AGGRESSIVE;
				CLANG_WARN_UNREACHABLE_CODE = YES;
				CLANG_WARN__DUPLICATE_METHOD_MATCH = YES;
				COPY_PHASE_STRIP = NO;
				DEBUG_INFORMATION_FORMAT = dwarf;
				ENABLE_STRICT_OBJC_MSGSEND = YES;
				ENABLE_TESTABILITY = YES;
				GCC_C_LANGUAGE_STANDARD = gnu11;
				GCC_DYNAMIC_NO_PIC = NO;
				GCC_NO_COMMON_BLOCKS = YES;
				GCC_OPTIMIZATION_LEVEL = 0;
				GCC_PREPROCESSOR_DEFINITIONS = (
					"DEBUG=1",
					"$(inherited)",
				);
				GCC_WARN_64_TO_32_BIT_CONVERSION = YES;
				GCC_WARN_ABOUT_RETURN_TYPE = YES_ERROR;
				GCC_WARN_UNDECLARED_SELECTOR = YES;
				GCC_WARN_UNINITIALIZED_AUTOS = YES_AGGRESSIVE;
				GCC_WARN_UNUSED_FUNCTION = YES;
				GCC_WARN_UNUSED_VARIABLE = YES;
				IPHONEOS_DEPLOYMENT_TARGET = 15.0;
				MTL_ENABLE_DEBUG_INFO = INCLUDE_SOURCE;
				MTL_FAST_MATH = YES;
				ONLY_ACTIVE_ARCH = YES;
				SDKROOT = iphoneos;
				SWIFT_ACTIVE_COMPILATION_CONDITIONS = DEBUG;
				SWIFT_OPTIMIZATION_LEVEL = "-Onone";
			};
			name = Debug;
		};
		F3CF6F8F2805EC0E007687C0 /* Release */ = {
			isa = XCBuildConfiguration;
			buildSettings = {
				ALWAYS_SEARCH_USER_PATHS = NO;
				CLANG_ANALYZER_NONNULL = YES;
				CLANG_ANALYZER_NUMBER_OBJECT_CONVERSION = YES_AGGRESSIVE;
				CLANG_CXX_LANGUAGE_STANDARD = "gnu++14";
				CLANG_CXX_LIBRARY = "libc++";
				CLANG_ENABLE_MODULES = YES;
				CLANG_ENABLE_OBJC_ARC = YES;
				CLANG_ENABLE_OBJC_WEAK = YES;
				CLANG_WARN_BLOCK_CAPTURE_AUTORELEASING = YES;
				CLANG_WARN_BOOL_CONVERSION = YES;
				CLANG_WARN_COMMA = YES;
				CLANG_WARN_CONSTANT_CONVERSION = YES;
				CLANG_WARN_DEPRECATED_OBJC_IMPLEMENTATIONS = YES;
				CLANG_WARN_DIRECT_OBJC_ISA_USAGE = YES_ERROR;
				CLANG_WARN_DOCUMENTATION_COMMENTS = YES;
				CLANG_WARN_EMPTY_BODY = YES;
				CLANG_WARN_ENUM_CONVERSION = YES;
				CLANG_WARN_INFINITE_RECURSION = YES;
				CLANG_WARN_INT_CONVERSION = YES;
				CLANG_WARN_NON_LITERAL_NULL_CONVERSION = YES;
				CLANG_WARN_OBJC_IMPLICIT_RETAIN_SELF = YES;
				CLANG_WARN_OBJC_LITERAL_CONVERSION = YES;
				CLANG_WARN_OBJC_ROOT_CLASS = YES_ERROR;
				CLANG_WARN_QUOTED_INCLUDE_IN_FRAMEWORK_HEADER = YES;
				CLANG_WARN_RANGE_LOOP_ANALYSIS = YES;
				CLANG_WARN_STRICT_PROTOTYPES = YES;
				CLANG_WARN_SUSPICIOUS_MOVE = YES;
				CLANG_WARN_UNGUARDED_AVAILABILITY = YES_AGGRESSIVE;
				CLANG_WARN_UNREACHABLE_CODE = YES;
				CLANG_WARN__DUPLICATE_METHOD_MATCH = YES;
				COPY_PHASE_STRIP = NO;
				DEBUG_INFORMATION_FORMAT = "dwarf-with-dsym";
				ENABLE_NS_ASSERTIONS = NO;
				ENABLE_STRICT_OBJC_MSGSEND = YES;
				GCC_C_LANGUAGE_STANDARD = gnu11;
				GCC_NO_COMMON_BLOCKS = YES;
				GCC_WARN_64_TO_32_BIT_CONVERSION = YES;
				GCC_WARN_ABOUT_RETURN_TYPE = YES_ERROR;
				GCC_WARN_UNDECLARED_SELECTOR = YES;
				GCC_WARN_UNINITIALIZED_AUTOS = YES_AGGRESSIVE;
				GCC_WARN_UNUSED_FUNCTION = YES;
				GCC_WARN_UNUSED_VARIABLE = YES;
				IPHONEOS_DEPLOYMENT_TARGET = 15.0;
				MTL_ENABLE_DEBUG_INFO = NO;
				MTL_FAST_MATH = YES;
				SDKROOT = iphoneos;
				SWIFT_COMPILATION_MODE = wholemodule;
				SWIFT_OPTIMIZATION_LEVEL = "-O";
				VALIDATE_PRODUCT = YES;
			};
			name = Release;
		};
		F3CF6F912805EC0E007687C0 /* Debug */ = {
			isa = XCBuildConfiguration;
			buildSettings = {
				ASSETCATALOG_COMPILER_APPICON_NAME = AppIcon;
				ASSETCATALOG_COMPILER_GLOBAL_ACCENT_COLOR_NAME = AccentColor;
				CODE_SIGN_STYLE = Automatic;
				CURRENT_PROJECT_VERSION = 1;
				DEVELOPMENT_ASSET_PATHS = "\"AnyChat/Preview Content\"";
				DEVELOPMENT_TEAM = GBM46Q2LY4;
				ENABLE_PREVIEWS = YES;
				GENERATE_INFOPLIST_FILE = YES;
				INFOPLIST_KEY_UIApplicationSceneManifest_Generation = YES;
				INFOPLIST_KEY_UIApplicationSupportsIndirectInputEvents = YES;
				INFOPLIST_KEY_UILaunchScreen_Generation = YES;
				INFOPLIST_KEY_UISupportedInterfaceOrientations_iPad = "UIInterfaceOrientationPortrait UIInterfaceOrientationPortraitUpsideDown UIInterfaceOrientationLandscapeLeft UIInterfaceOrientationLandscapeRight";
				INFOPLIST_KEY_UISupportedInterfaceOrientations_iPhone = "UIInterfaceOrientationPortrait UIInterfaceOrientationLandscapeLeft UIInterfaceOrientationLandscapeRight";
				IPHONEOS_DEPLOYMENT_TARGET = 14.0;
				LD_RUNPATH_SEARCH_PATHS = (
					"$(inherited)",
					"@executable_path/Frameworks",
				);
				MARKETING_VERSION = 1.0;
				PRODUCT_BUNDLE_IDENTIFIER = tuandiep98.AnyChat;
				PRODUCT_NAME = "$(TARGET_NAME)";
				SWIFT_EMIT_LOC_STRINGS = YES;
				SWIFT_VERSION = 5.0;
				TARGETED_DEVICE_FAMILY = "1,2";
			};
			name = Debug;
		};
		F3CF6F922805EC0E007687C0 /* Release */ = {
			isa = XCBuildConfiguration;
			buildSettings = {
				ASSETCATALOG_COMPILER_APPICON_NAME = AppIcon;
				ASSETCATALOG_COMPILER_GLOBAL_ACCENT_COLOR_NAME = AccentColor;
				CODE_SIGN_STYLE = Automatic;
				CURRENT_PROJECT_VERSION = 1;
				DEVELOPMENT_ASSET_PATHS = "\"AnyChat/Preview Content\"";
				DEVELOPMENT_TEAM = GBM46Q2LY4;
				ENABLE_PREVIEWS = YES;
				GENERATE_INFOPLIST_FILE = YES;
				INFOPLIST_KEY_UIApplicationSceneManifest_Generation = YES;
				INFOPLIST_KEY_UIApplicationSupportsIndirectInputEvents = YES;
				INFOPLIST_KEY_UILaunchScreen_Generation = YES;
				INFOPLIST_KEY_UISupportedInterfaceOrientations_iPad = "UIInterfaceOrientationPortrait UIInterfaceOrientationPortraitUpsideDown UIInterfaceOrientationLandscapeLeft UIInterfaceOrientationLandscapeRight";
				INFOPLIST_KEY_UISupportedInterfaceOrientations_iPhone = "UIInterfaceOrientationPortrait UIInterfaceOrientationLandscapeLeft UIInterfaceOrientationLandscapeRight";
				IPHONEOS_DEPLOYMENT_TARGET = 14.0;
				LD_RUNPATH_SEARCH_PATHS = (
					"$(inherited)",
					"@executable_path/Frameworks",
				);
				MARKETING_VERSION = 1.0;
				PRODUCT_BUNDLE_IDENTIFIER = tuandiep98.AnyChat;
				PRODUCT_NAME = "$(TARGET_NAME)";
				SWIFT_EMIT_LOC_STRINGS = YES;
				SWIFT_VERSION = 5.0;
				TARGETED_DEVICE_FAMILY = "1,2";
			};
			name = Release;
		};
		F3CF6F942805EC0E007687C0 /* Debug */ = {
			isa = XCBuildConfiguration;
			buildSettings = {
				ALWAYS_EMBED_SWIFT_STANDARD_LIBRARIES = YES;
				BUNDLE_LOADER = "$(TEST_HOST)";
				CODE_SIGN_STYLE = Automatic;
				CURRENT_PROJECT_VERSION = 1;
				DEVELOPMENT_TEAM = GBM46Q2LY4;
				GENERATE_INFOPLIST_FILE = YES;
				IPHONEOS_DEPLOYMENT_TARGET = 14.0;
				LD_RUNPATH_SEARCH_PATHS = (
					"$(inherited)",
					"@executable_path/Frameworks",
					"@loader_path/Frameworks",
				);
				MARKETING_VERSION = 1.0;
				PRODUCT_BUNDLE_IDENTIFIER = tuandiep98.AnyChatTests;
				PRODUCT_NAME = "$(TARGET_NAME)";
				SWIFT_EMIT_LOC_STRINGS = NO;
				SWIFT_VERSION = 5.0;
				TARGETED_DEVICE_FAMILY = "1,2";
				TEST_HOST = "$(BUILT_PRODUCTS_DIR)/AnyChat.app/AnyChat";
			};
			name = Debug;
		};
		F3CF6F952805EC0E007687C0 /* Release */ = {
			isa = XCBuildConfiguration;
			buildSettings = {
				ALWAYS_EMBED_SWIFT_STANDARD_LIBRARIES = YES;
				BUNDLE_LOADER = "$(TEST_HOST)";
				CODE_SIGN_STYLE = Automatic;
				CURRENT_PROJECT_VERSION = 1;
				DEVELOPMENT_TEAM = GBM46Q2LY4;
				GENERATE_INFOPLIST_FILE = YES;
				IPHONEOS_DEPLOYMENT_TARGET = 14.0;
				LD_RUNPATH_SEARCH_PATHS = (
					"$(inherited)",
					"@executable_path/Frameworks",
					"@loader_path/Frameworks",
				);
				MARKETING_VERSION = 1.0;
				PRODUCT_BUNDLE_IDENTIFIER = tuandiep98.AnyChatTests;
				PRODUCT_NAME = "$(TARGET_NAME)";
				SWIFT_EMIT_LOC_STRINGS = NO;
				SWIFT_VERSION = 5.0;
				TARGETED_DEVICE_FAMILY = "1,2";
				TEST_HOST = "$(BUILT_PRODUCTS_DIR)/AnyChat.app/AnyChat";
			};
			name = Release;
		};
		F3CF6F972805EC0E007687C0 /* Debug */ = {
			isa = XCBuildConfiguration;
			buildSettings = {
				ALWAYS_EMBED_SWIFT_STANDARD_LIBRARIES = YES;
				CODE_SIGN_STYLE = Automatic;
				CURRENT_PROJECT_VERSION = 1;
				DEVELOPMENT_TEAM = GBM46Q2LY4;
				GENERATE_INFOPLIST_FILE = YES;
				LD_RUNPATH_SEARCH_PATHS = (
					"$(inherited)",
					"@executable_path/Frameworks",
					"@loader_path/Frameworks",
				);
				MARKETING_VERSION = 1.0;
				PRODUCT_BUNDLE_IDENTIFIER = tuandiep98.AnyChatUITests;
				PRODUCT_NAME = "$(TARGET_NAME)";
				SWIFT_EMIT_LOC_STRINGS = NO;
				SWIFT_VERSION = 5.0;
				TARGETED_DEVICE_FAMILY = "1,2";
				TEST_TARGET_NAME = AnyChat;
			};
			name = Debug;
		};
		F3CF6F982805EC0E007687C0 /* Release */ = {
			isa = XCBuildConfiguration;
			buildSettings = {
				ALWAYS_EMBED_SWIFT_STANDARD_LIBRARIES = YES;
				CODE_SIGN_STYLE = Automatic;
				CURRENT_PROJECT_VERSION = 1;
				DEVELOPMENT_TEAM = GBM46Q2LY4;
				GENERATE_INFOPLIST_FILE = YES;
				LD_RUNPATH_SEARCH_PATHS = (
					"$(inherited)",
					"@executable_path/Frameworks",
					"@loader_path/Frameworks",
				);
				MARKETING_VERSION = 1.0;
				PRODUCT_BUNDLE_IDENTIFIER = tuandiep98.AnyChatUITests;
				PRODUCT_NAME = "$(TARGET_NAME)";
				SWIFT_EMIT_LOC_STRINGS = NO;
				SWIFT_VERSION = 5.0;
				TARGETED_DEVICE_FAMILY = "1,2";
				TEST_TARGET_NAME = AnyChat;
			};
			name = Release;
		};
/* End XCBuildConfiguration section */

/* Begin XCConfigurationList section */
		F3CF6F692805EC0D007687C0 /* Build configuration list for PBXProject "AnyChat" */ = {
			isa = XCConfigurationList;
			buildConfigurations = (
				F3CF6F8E2805EC0E007687C0 /* Debug */,
				F3CF6F8F2805EC0E007687C0 /* Release */,
			);
			defaultConfigurationIsVisible = 0;
			defaultConfigurationName = Release;
		};
		F3CF6F902805EC0E007687C0 /* Build configuration list for PBXNativeTarget "AnyChat" */ = {
			isa = XCConfigurationList;
			buildConfigurations = (
				F3CF6F912805EC0E007687C0 /* Debug */,
				F3CF6F922805EC0E007687C0 /* Release */,
			);
			defaultConfigurationIsVisible = 0;
			defaultConfigurationName = Release;
		};
		F3CF6F932805EC0E007687C0 /* Build configuration list for PBXNativeTarget "AnyChatTests" */ = {
			isa = XCConfigurationList;
			buildConfigurations = (
				F3CF6F942805EC0E007687C0 /* Debug */,
				F3CF6F952805EC0E007687C0 /* Release */,
			);
			defaultConfigurationIsVisible = 0;
			defaultConfigurationName = Release;
		};
		F3CF6F962805EC0E007687C0 /* Build configuration list for PBXNativeTarget "AnyChatUITests" */ = {
			isa = XCConfigurationList;
			buildConfigurations = (
				F3CF6F972805EC0E007687C0 /* Debug */,
				F3CF6F982805EC0E007687C0 /* Release */,
			);
			defaultConfigurationIsVisible = 0;
			defaultConfigurationName = Release;
		};
/* End XCConfigurationList section */
	};
	rootObject = F3CF6F662805EC0D007687C0 /* Project object */;
}
